// !$*UTF8*$!
{
	archiveVersion = 1;
	classes = {
	};
	objectVersion = 46;
	objects = {

/* Begin PBXBuildFile section */
		CD617C5D1B26E43D00D5A45E /* AppDelegate.swift in Sources */ = {isa = PBXBuildFile; fileRef = CD617C5C1B26E43D00D5A45E /* AppDelegate.swift */; };
		CD617C611B26E43D00D5A45E /* GameScene.swift in Sources */ = {isa = PBXBuildFile; fileRef = CD617C601B26E43D00D5A45E /* GameScene.swift */; };
		CD617C631B26E43D00D5A45E /* GameViewController.swift in Sources */ = {isa = PBXBuildFile; fileRef = CD617C621B26E43D00D5A45E /* GameViewController.swift */; };
		CD617C661B26E43D00D5A45E /* Main.storyboard in Resources */ = {isa = PBXBuildFile; fileRef = CD617C641B26E43D00D5A45E /* Main.storyboard */; };
		CD617C681B26E43D00D5A45E /* Images.xcassets in Resources */ = {isa = PBXBuildFile; fileRef = CD617C671B26E43D00D5A45E /* Images.xcassets */; };
		CD617C6B1B26E43D00D5A45E /* LaunchScreen.xib in Resources */ = {isa = PBXBuildFile; fileRef = CD617C691B26E43D00D5A45E /* LaunchScreen.xib */; };
		CD617C771B26E43D00D5A45E /* FlappyBirdTests.swift in Sources */ = {isa = PBXBuildFile; fileRef = CD617C761B26E43D00D5A45E /* FlappyBirdTests.swift */; };
		CD65035C1B32C88B00570460 /* LevelTwo.swift in Sources */ = {isa = PBXBuildFile; fileRef = CD65035B1B32C88B00570460 /* LevelTwo.swift */; };
		CD65035E1B32C8B800570460 /* LevelTwo.sks in Resources */ = {isa = PBXBuildFile; fileRef = CD65035D1B32C8B800570460 /* LevelTwo.sks */; };
		CD6503921B32C9CD00570460 /* LevelTwoViewController.swift in Sources */ = {isa = PBXBuildFile; fileRef = CD6503911B32C9CD00570460 /* LevelTwoViewController.swift */; };
		CD6503A01B32CF7000570460 /* ground_piece.png in Resources */ = {isa = PBXBuildFile; fileRef = CD65039D1B32CF7000570460 /* ground_piece.png */; };
		CD6503A11B32CF7000570460 /* hills.png in Resources */ = {isa = PBXBuildFile; fileRef = CD65039E1B32CF7000570460 /* hills.png */; };
		CD6503A21B32CF7000570460 /* sky.png in Resources */ = {isa = PBXBuildFile; fileRef = CD65039F1B32CF7000570460 /* sky.png */; };
		CD6503A41B32CFC300570460 /* NavigationViewController.swift in Sources */ = {isa = PBXBuildFile; fileRef = CD6503A31B32CFC300570460 /* NavigationViewController.swift */; };
		CD9AA6BA1B35326B00EDFFB8 /* DVRandGen.swift in Sources */ = {isa = PBXBuildFile; fileRef = CD9AA6B91B35326B00EDFFB8 /* DVRandGen.swift */; };
		CD9AA6BC1B355BCA00EDFFB8 /* bird2.atlas in Resources */ = {isa = PBXBuildFile; fileRef = CD9AA6BB1B355BCA00EDFFB8 /* bird2.atlas */; };
		CDF5783F1B315CD200ACC27B /* bird.atlas in Resources */ = {isa = PBXBuildFile; fileRef = CDF5783E1B315CD200ACC27B /* bird.atlas */; };
/* End PBXBuildFile section */

/* Begin PBXContainerItemProxy section */
		CD617C711B26E43D00D5A45E /* PBXContainerItemProxy */ = {
			isa = PBXContainerItemProxy;
			containerPortal = CD617C4F1B26E43D00D5A45E /* Project object */;
			proxyType = 1;
			remoteGlobalIDString = CD617C561B26E43D00D5A45E;
			remoteInfo = FlappyBird;
		};
/* End PBXContainerItemProxy section */

/* Begin PBXFileReference section */
		CD617C571B26E43D00D5A45E /* FlappyBird.app */ = {isa = PBXFileReference; explicitFileType = wrapper.application; includeInIndex = 0; path = FlappyBird.app; sourceTree = BUILT_PRODUCTS_DIR; };
		CD617C5B1B26E43D00D5A45E /* Info.plist */ = {isa = PBXFileReference; lastKnownFileType = text.plist.xml; path = Info.plist; sourceTree = "<group>"; };
		CD617C5C1B26E43D00D5A45E /* AppDelegate.swift */ = {isa = PBXFileReference; lastKnownFileType = sourcecode.swift; path = AppDelegate.swift; sourceTree = "<group>"; };
		CD617C601B26E43D00D5A45E /* GameScene.swift */ = {isa = PBXFileReference; lastKnownFileType = sourcecode.swift; path = GameScene.swift; sourceTree = "<group>"; };
		CD617C621B26E43D00D5A45E /* GameViewController.swift */ = {isa = PBXFileReference; lastKnownFileType = sourcecode.swift; path = GameViewController.swift; sourceTree = "<group>"; };
		CD617C651B26E43D00D5A45E /* Base */ = {isa = PBXFileReference; lastKnownFileType = file.storyboard; name = Base; path = Base.lproj/Main.storyboard; sourceTree = "<group>"; };
		CD617C671B26E43D00D5A45E /* Images.xcassets */ = {isa = PBXFileReference; lastKnownFileType = folder.assetcatalog; path = Images.xcassets; sourceTree = "<group>"; };
		CD617C6A1B26E43D00D5A45E /* Base */ = {isa = PBXFileReference; lastKnownFileType = file.xib; name = Base; path = Base.lproj/LaunchScreen.xib; sourceTree = "<group>"; };
		CD617C701B26E43D00D5A45E /* FlappyBirdTests.xctest */ = {isa = PBXFileReference; explicitFileType = wrapper.cfbundle; includeInIndex = 0; path = FlappyBirdTests.xctest; sourceTree = BUILT_PRODUCTS_DIR; };
		CD617C751B26E43D00D5A45E /* Info.plist */ = {isa = PBXFileReference; lastKnownFileType = text.plist.xml; path = Info.plist; sourceTree = "<group>"; };
		CD617C761B26E43D00D5A45E /* FlappyBirdTests.swift */ = {isa = PBXFileReference; lastKnownFileType = sourcecode.swift; path = FlappyBirdTests.swift; sourceTree = "<group>"; };
		CD65035B1B32C88B00570460 /* LevelTwo.swift */ = {isa = PBXFileReference; fileEncoding = 4; lastKnownFileType = sourcecode.swift; path = LevelTwo.swift; sourceTree = "<group>"; };
		CD65035D1B32C8B800570460 /* LevelTwo.sks */ = {isa = PBXFileReference; lastKnownFileType = file.sks; path = LevelTwo.sks; sourceTree = "<group>"; };
		CD6503911B32C9CD00570460 /* LevelTwoViewController.swift */ = {isa = PBXFileReference; fileEncoding = 4; lastKnownFileType = sourcecode.swift; path = LevelTwoViewController.swift; sourceTree = "<group>"; };
		CD65039D1B32CF7000570460 /* ground_piece.png */ = {isa = PBXFileReference; lastKnownFileType = image.png; path = ground_piece.png; sourceTree = "<group>"; };
		CD65039E1B32CF7000570460 /* hills.png */ = {isa = PBXFileReference; lastKnownFileType = image.png; path = hills.png; sourceTree = "<group>"; };
		CD65039F1B32CF7000570460 /* sky.png */ = {isa = PBXFileReference; lastKnownFileType = image.png; path = sky.png; sourceTree = "<group>"; };
		CD6503A31B32CFC300570460 /* NavigationViewController.swift */ = {isa = PBXFileReference; fileEncoding = 4; lastKnownFileType = sourcecode.swift; path = NavigationViewController.swift; sourceTree = "<group>"; };
		CD9AA6B91B35326B00EDFFB8 /* DVRandGen.swift */ = {isa = PBXFileReference; fileEncoding = 4; lastKnownFileType = sourcecode.swift; path = DVRandGen.swift; sourceTree = "<group>"; };
		CD9AA6BB1B355BCA00EDFFB8 /* bird2.atlas */ = {isa = PBXFileReference; lastKnownFileType = folder.skatlas; path = bird2.atlas; sourceTree = "<group>"; };
		CDF5783E1B315CD200ACC27B /* bird.atlas */ = {isa = PBXFileReference; lastKnownFileType = folder.skatlas; path = bird.atlas; sourceTree = "<group>"; };
/* End PBXFileReference section */

/* Begin PBXFrameworksBuildPhase section */
		CD617C541B26E43D00D5A45E /* Frameworks */ = {
			isa = PBXFrameworksBuildPhase;
			buildActionMask = 2147483647;
			files = (
			);
			runOnlyForDeploymentPostprocessing = 0;
		};
		CD617C6D1B26E43D00D5A45E /* Frameworks */ = {
			isa = PBXFrameworksBuildPhase;
			buildActionMask = 2147483647;
			files = (
			);
			runOnlyForDeploymentPostprocessing = 0;
		};
/* End PBXFrameworksBuildPhase section */

/* Begin PBXGroup section */
		CD617C4E1B26E43D00D5A45E = {
			isa = PBXGroup;
			children = (
				CD617C591B26E43D00D5A45E /* FlappyBird */,
				CD617C731B26E43D00D5A45E /* FlappyBirdTests */,
				CD617C581B26E43D00D5A45E /* Products */,
			);
			sourceTree = "<group>";
		};
		CD617C581B26E43D00D5A45E /* Products */ = {
			isa = PBXGroup;
			children = (
				CD617C571B26E43D00D5A45E /* FlappyBird.app */,
				CD617C701B26E43D00D5A45E /* FlappyBirdTests.xctest */,
			);
			name = Products;
			sourceTree = "<group>";
		};
		CD617C591B26E43D00D5A45E /* FlappyBird */ = {
			isa = PBXGroup;
			children = (
				CD65039B1B32CF7000570460 /* Art */,
				CDF5783E1B315CD200ACC27B /* bird.atlas */,
				CD9AA6BB1B355BCA00EDFFB8 /* bird2.atlas */,
				CD617C5C1B26E43D00D5A45E /* AppDelegate.swift */,
				CD9AA6B91B35326B00EDFFB8 /* DVRandGen.swift */,
				CD6503A31B32CFC300570460 /* NavigationViewController.swift */,
				CD617C601B26E43D00D5A45E /* GameScene.swift */,
				CD617C621B26E43D00D5A45E /* GameViewController.swift */,
				CD65035D1B32C8B800570460 /* LevelTwo.sks */,
				CD65035B1B32C88B00570460 /* LevelTwo.swift */,
				CD6503911B32C9CD00570460 /* LevelTwoViewController.swift */,
				CD617C641B26E43D00D5A45E /* Main.storyboard */,
				CD617C671B26E43D00D5A45E /* Images.xcassets */,
				CD617C691B26E43D00D5A45E /* LaunchScreen.xib */,
				CD617C5A1B26E43D00D5A45E /* Supporting Files */,
			);
			path = FlappyBird;
			sourceTree = "<group>";
		};
		CD617C5A1B26E43D00D5A45E /* Supporting Files */ = {
			isa = PBXGroup;
			children = (
				CD617C5B1B26E43D00D5A45E /* Info.plist */,
			);
			name = "Supporting Files";
			sourceTree = "<group>";
		};
		CD617C731B26E43D00D5A45E /* FlappyBirdTests */ = {
			isa = PBXGroup;
			children = (
				CD617C761B26E43D00D5A45E /* FlappyBirdTests.swift */,
				CD617C741B26E43D00D5A45E /* Supporting Files */,
			);
			path = FlappyBirdTests;
			sourceTree = "<group>";
		};
		CD617C741B26E43D00D5A45E /* Supporting Files */ = {
			isa = PBXGroup;
			children = (
				CD617C751B26E43D00D5A45E /* Info.plist */,
			);
			name = "Supporting Files";
			sourceTree = "<group>";
		};
		CD65039B1B32CF7000570460 /* Art */ = {
			isa = PBXGroup;
			children = (
				CD65039C1B32CF7000570460 /* level2 */,
			);
			path = Art;
			sourceTree = "<group>";
		};
		CD65039C1B32CF7000570460 /* level2 */ = {
			isa = PBXGroup;
			children = (
				CD65039D1B32CF7000570460 /* ground_piece.png */,
				CD65039E1B32CF7000570460 /* hills.png */,
				CD65039F1B32CF7000570460 /* sky.png */,
			);
			path = level2;
			sourceTree = "<group>";
		};
/* End PBXGroup section */

/* Begin PBXNativeTarget section */
		CD617C561B26E43D00D5A45E /* FlappyBird */ = {
			isa = PBXNativeTarget;
			buildConfigurationList = CD617C7A1B26E43D00D5A45E /* Build configuration list for PBXNativeTarget "FlappyBird" */;
			buildPhases = (
				CD617C531B26E43D00D5A45E /* Sources */,
				CD617C541B26E43D00D5A45E /* Frameworks */,
				CD617C551B26E43D00D5A45E /* Resources */,
			);
			buildRules = (
			);
			dependencies = (
			);
			name = FlappyBird;
			productName = FlappyBird;
			productReference = CD617C571B26E43D00D5A45E /* FlappyBird.app */;
			productType = "com.apple.product-type.application";
		};
		CD617C6F1B26E43D00D5A45E /* FlappyBirdTests */ = {
			isa = PBXNativeTarget;
			buildConfigurationList = CD617C7D1B26E43D00D5A45E /* Build configuration list for PBXNativeTarget "FlappyBirdTests" */;
			buildPhases = (
				CD617C6C1B26E43D00D5A45E /* Sources */,
				CD617C6D1B26E43D00D5A45E /* Frameworks */,
				CD617C6E1B26E43D00D5A45E /* Resources */,
			);
			buildRules = (
			);
			dependencies = (
				CD617C721B26E43D00D5A45E /* PBXTargetDependency */,
			);
			name = FlappyBirdTests;
			productName = FlappyBirdTests;
			productReference = CD617C701B26E43D00D5A45E /* FlappyBirdTests.xctest */;
			productType = "com.apple.product-type.bundle.unit-test";
		};
/* End PBXNativeTarget section */

/* Begin PBXProject section */
		CD617C4F1B26E43D00D5A45E /* Project object */ = {
			isa = PBXProject;
			attributes = {
				LastUpgradeCheck = 0630;
				ORGANIZATIONNAME = "Moin Uddin";
				TargetAttributes = {
					CD617C561B26E43D00D5A45E = {
						CreatedOnToolsVersion = 6.3.2;
					};
					CD617C6F1B26E43D00D5A45E = {
						CreatedOnToolsVersion = 6.3.2;
						TestTargetID = CD617C561B26E43D00D5A45E;
					};
				};
			};
			buildConfigurationList = CD617C521B26E43D00D5A45E /* Build configuration list for PBXProject "FlappyBird" */;
			compatibilityVersion = "Xcode 3.2";
			developmentRegion = English;
			hasScannedForEncodings = 0;
			knownRegions = (
				en,
				Base,
			);
			mainGroup = CD617C4E1B26E43D00D5A45E;
			productRefGroup = CD617C581B26E43D00D5A45E /* Products */;
			projectDirPath = "";
			projectRoot = "";
			targets = (
				CD617C561B26E43D00D5A45E /* FlappyBird */,
				CD617C6F1B26E43D00D5A45E /* FlappyBirdTests */,
			);
		};
/* End PBXProject section */

/* Begin PBXResourcesBuildPhase section */
		CD617C551B26E43D00D5A45E /* Resources */ = {
			isa = PBXResourcesBuildPhase;
			buildActionMask = 2147483647;
			files = (
				CD65035E1B32C8B800570460 /* LevelTwo.sks in Resources */,
				CD6503A21B32CF7000570460 /* sky.png in Resources */,
				CD617C6B1B26E43D00D5A45E /* LaunchScreen.xib in Resources */,
				CD6503A11B32CF7000570460 /* hills.png in Resources */,
				CD9AA6BC1B355BCA00EDFFB8 /* bird2.atlas in Resources */,
				CD617C681B26E43D00D5A45E /* Images.xcassets in Resources */,
				CDF5783F1B315CD200ACC27B /* bird.atlas in Resources */,
				CD617C661B26E43D00D5A45E /* Main.storyboard in Resources */,
				CD6503A01B32CF7000570460 /* ground_piece.png in Resources */,
			);
			runOnlyForDeploymentPostprocessing = 0;
		};
		CD617C6E1B26E43D00D5A45E /* Resources */ = {
			isa = PBXResourcesBuildPhase;
			buildActionMask = 2147483647;
			files = (
			);
			runOnlyForDeploymentPostprocessing = 0;
		};
/* End PBXResourcesBuildPhase section */

/* Begin PBXSourcesBuildPhase section */
		CD617C531B26E43D00D5A45E /* Sources */ = {
			isa = PBXSourcesBuildPhase;
			buildActionMask = 2147483647;
			files = (
				CD6503A41B32CFC300570460 /* NavigationViewController.swift in Sources */,
				CD9AA6BA1B35326B00EDFFB8 /* DVRandGen.swift in Sources */,
				CD617C611B26E43D00D5A45E /* GameScene.swift in Sources */,
				CD6503921B32C9CD00570460 /* LevelTwoViewController.swift in Sources */,
				CD617C631B26E43D00D5A45E /* GameViewController.swift in Sources */,
				CD617C5D1B26E43D00D5A45E /* AppDelegate.swift in Sources */,
				CD65035C1B32C88B00570460 /* LevelTwo.swift in Sources */,
			);
			runOnlyForDeploymentPostprocessing = 0;
		};
		CD617C6C1B26E43D00D5A45E /* Sources */ = {
			isa = PBXSourcesBuildPhase;
			buildActionMask = 2147483647;
			files = (
				CD617C771B26E43D00D5A45E /* FlappyBirdTests.swift in Sources */,
			);
			runOnlyForDeploymentPostprocessing = 0;
		};
/* End PBXSourcesBuildPhase section */

/* Begin PBXTargetDependency section */
		CD617C721B26E43D00D5A45E /* PBXTargetDependency */ = {
			isa = PBXTargetDependency;
			target = CD617C561B26E43D00D5A45E /* FlappyBird */;
			targetProxy = CD617C711B26E43D00D5A45E /* PBXContainerItemProxy */;
		};
/* End PBXTargetDependency section */

/* Begin PBXVariantGroup section */
		CD617C641B26E43D00D5A45E /* Main.storyboard */ = {
			isa = PBXVariantGroup;
			children = (
				CD617C651B26E43D00D5A45E /* Base */,
			);
			name = Main.storyboard;
			sourceTree = "<group>";
		};
		CD617C691B26E43D00D5A45E /* LaunchScreen.xib */ = {
			isa = PBXVariantGroup;
			children = (
				CD617C6A1B26E43D00D5A45E /* Base */,
			);
			name = LaunchScreen.xib;
			sourceTree = "<group>";
		};
/* End PBXVariantGroup section */

/* Begin XCBuildConfiguration section */
		CD617C781B26E43D00D5A45E /* Debug */ = {
			isa = XCBuildConfiguration;
			buildSettings = {
				ALWAYS_SEARCH_USER_PATHS = NO;
				CLANG_CXX_LANGUAGE_STANDARD = "gnu++0x";
				CLANG_CXX_LIBRARY = "libc++";
				CLANG_ENABLE_MODULES = YES;
				CLANG_ENABLE_OBJC_ARC = YES;
				CLANG_WARN_BOOL_CONVERSION = YES;
				CLANG_WARN_CONSTANT_CONVERSION = YES;
				CLANG_WARN_DIRECT_OBJC_ISA_USAGE = YES_ERROR;
				CLANG_WARN_EMPTY_BODY = YES;
				CLANG_WARN_ENUM_CONVERSION = YES;
				CLANG_WARN_INT_CONVERSION = YES;
				CLANG_WARN_OBJC_ROOT_CLASS = YES_ERROR;
				CLANG_WARN_UNREACHABLE_CODE = YES;
				CLANG_WARN__DUPLICATE_METHOD_MATCH = YES;
				"CODE_SIGN_IDENTITY[sdk=iphoneos*]" = "iPhone Developer";
				COPY_PHASE_STRIP = NO;
				DEBUG_INFORMATION_FORMAT = "dwarf-with-dsym";
				ENABLE_STRICT_OBJC_MSGSEND = YES;
				GCC_C_LANGUAGE_STANDARD = gnu99;
				GCC_DYNAMIC_NO_PIC = NO;
				GCC_NO_COMMON_BLOCKS = YES;
				GCC_OPTIMIZATION_LEVEL = 0;
				GCC_PREPROCESSOR_DEFINITIONS = (
					"DEBUG=1",
					"$(inherited)",
				);
				GCC_SYMBOLS_PRIVATE_EXTERN = NO;
				GCC_WARN_64_TO_32_BIT_CONVERSION = YES;
				GCC_WARN_ABOUT_RETURN_TYPE = YES_ERROR;
				GCC_WARN_UNDECLARED_SELECTOR = YES;
				GCC_WARN_UNINITIALIZED_AUTOS = YES_AGGRESSIVE;
				GCC_WARN_UNUSED_FUNCTION = YES;
				GCC_WARN_UNUSED_VARIABLE = YES;
				IPHONEOS_DEPLOYMENT_TARGET = 8.3;
				MTL_ENABLE_DEBUG_INFO = YES;
				ONLY_ACTIVE_ARCH = YES;
				SDKROOT = iphoneos;
				SWIFT_OPTIMIZATION_LEVEL = "-Onone";
				TARGETED_DEVICE_FAMILY = "1,2";
			};
			name = Debug;
		};
		CD617C791B26E43D00D5A45E /* Release */ = {
			isa = XCBuildConfiguration;
			buildSettings = {
				ALWAYS_SEARCH_USER_PATHS = NO;
				CLANG_CXX_LANGUAGE_STANDARD = "gnu++0x";
				CLANG_CXX_LIBRARY = "libc++";
				CLANG_ENABLE_MODULES = YES;
				CLANG_ENABLE_OBJC_ARC = YES;
				CLANG_WARN_BOOL_CONVERSION = YES;
				CLANG_WARN_CONSTANT_CONVERSION = YES;
				CLANG_WARN_DIRECT_OBJC_ISA_USAGE = YES_ERROR;
				CLANG_WARN_EMPTY_BODY = YES;
				CLANG_WARN_ENUM_CONVERSION = YES;
				CLANG_WARN_INT_CONVERSION = YES;
				CLANG_WARN_OBJC_ROOT_CLASS = YES_ERROR;
				CLANG_WARN_UNREACHABLE_CODE = YES;
				CLANG_WARN__DUPLICATE_METHOD_MATCH = YES;
				"CODE_SIGN_IDENTITY[sdk=iphoneos*]" = "iPhone Developer";
				COPY_PHASE_STRIP = NO;
				DEBUG_INFORMATION_FORMAT = "dwarf-with-dsym";
				ENABLE_NS_ASSERTIONS = NO;
				ENABLE_STRICT_OBJC_MSGSEND = YES;
				GCC_C_LANGUAGE_STANDARD = gnu99;
				GCC_NO_COMMON_BLOCKS = YES;
				GCC_WARN_64_TO_32_BIT_CONVERSION = YES;
				GCC_WARN_ABOUT_RETURN_TYPE = YES_ERROR;
				GCC_WARN_UNDECLARED_SELECTOR = YES;
				GCC_WARN_UNINITIALIZED_AUTOS = YES_AGGRESSIVE;
				GCC_WARN_UNUSED_FUNCTION = YES;
				GCC_WARN_UNUSED_VARIABLE = YES;
				IPHONEOS_DEPLOYMENT_TARGET = 8.3;
				MTL_ENABLE_DEBUG_INFO = NO;
				SDKROOT = iphoneos;
				TARGETED_DEVICE_FAMILY = "1,2";
				VALIDATE_PRODUCT = YES;
			};
			name = Release;
		};
		CD617C7B1B26E43D00D5A45E /* Debug */ = {
			isa = XCBuildConfiguration;
			buildSettings = {
				ASSETCATALOG_COMPILER_APPICON_NAME = AppIcon;
				INFOPLIST_FILE = FlappyBird/Info.plist;
				LD_RUNPATH_SEARCH_PATHS = "$(inherited) @executable_path/Frameworks";
				PRODUCT_NAME = "$(TARGET_NAME)";
			};
			name = Debug;
		};
		CD617C7C1B26E43D00D5A45E /* Release */ = {
			isa = XCBuildConfiguration;
			buildSettings = {
				ASSETCATALOG_COMPILER_APPICON_NAME = AppIcon;
				INFOPLIST_FILE = FlappyBird/Info.plist;
				LD_RUNPATH_SEARCH_PATHS = "$(inherited) @executable_path/Frameworks";
				PRODUCT_NAME = "$(TARGET_NAME)";
			};
			name = Release;
		};
		CD617C7E1B26E43D00D5A45E /* Debug */ = {
			isa = XCBuildConfiguration;
			buildSettings = {
				BUNDLE_LOADER = "$(TEST_HOST)";
				FRAMEWORK_SEARCH_PATHS = (
					"$(SDKROOT)/Developer/Library/Frameworks",
					"$(inherited)",
				);
				GCC_PREPROCESSOR_DEFINITIONS = (
					"DEBUG=1",
					"$(inherited)",
				);
				INFOPLIST_FILE = FlappyBirdTests/Info.plist;
				LD_RUNPATH_SEARCH_PATHS = "$(inherited) @executable_path/Frameworks @loader_path/Frameworks";
				PRODUCT_NAME = "$(TARGET_NAME)";
				TEST_HOST = "$(BUILT_PRODUCTS_DIR)/FlappyBird.app/FlappyBird";
			};
			name = Debug;
		};
		CD617C7F1B26E43D00D5A45E /* Release */ = {
			isa = XCBuildConfiguration;
			buildSettings = {
				BUNDLE_LOADER = "$(TEST_HOST)";
				FRAMEWORK_SEARCH_PATHS = (
					"$(SDKROOT)/Developer/Library/Frameworks",
					"$(inherited)",
				);
				INFOPLIST_FILE = FlappyBirdTests/Info.plist;
				LD_RUNPATH_SEARCH_PATHS = "$(inherited) @executable_path/Frameworks @loader_path/Frameworks";
				PRODUCT_NAME = "$(TARGET_NAME)";
				TEST_HOST = "$(BUILT_PRODUCTS_DIR)/FlappyBird.app/FlappyBird";
			};
			name = Release;
		};
/* End XCBuildConfiguration section */

/* Begin XCConfigurationList section */
		CD617C521B26E43D00D5A45E /* Build configuration list for PBXProject "FlappyBird" */ = {
			isa = XCConfigurationList;
			buildConfigurations = (
				CD617C781B26E43D00D5A45E /* Debug */,
				CD617C791B26E43D00D5A45E /* Release */,
			);
			defaultConfigurationIsVisible = 0;
			defaultConfigurationName = Release;
		};
		CD617C7A1B26E43D00D5A45E /* Build configuration list for PBXNativeTarget "FlappyBird" */ = {
			isa = XCConfigurationList;
			buildConfigurations = (
				CD617C7B1B26E43D00D5A45E /* Debug */,
				CD617C7C1B26E43D00D5A45E /* Release */,
			);
			defaultConfigurationIsVisible = 0;
			defaultConfigurationName = Release;
		};
		CD617C7D1B26E43D00D5A45E /* Build configuration list for PBXNativeTarget "FlappyBirdTests" */ = {
			isa = XCConfigurationList;
			buildConfigurations = (
				CD617C7E1B26E43D00D5A45E /* Debug */,
				CD617C7F1B26E43D00D5A45E /* Release */,
			);
			defaultConfigurationIsVisible = 0;
			defaultConfigurationName = Release;
		};
/* End XCConfigurationList section */
	};
	rootObject = CD617C4F1B26E43D00D5A45E /* Project object */;
}
